{
  "nodes": {
    "cargo2nix": {
      "inputs": {
        "flake-compat": "flake-compat",
        "flake-utils": "flake-utils",
        "nixpkgs": "nixpkgs",
        "rust-overlay": "rust-overlay"
      },
      "locked": {
        "lastModified": 1705129117,
        "narHash": "sha256-LgdDHibvimzYhxBK3kxCk2gAL7k4Hyigl5KI0X9cijA=",
        "owner": "cargo2nix",
        "repo": "cargo2nix",
        "rev": "ae19a9e1f8f0880c088ea155ab66cee1fa001f59",
        "type": "github"
      },
      "original": {
        "owner": "cargo2nix",
        "repo": "cargo2nix",
        "type": "github"
      }
    },
    "cargo2nix_2": {
      "inputs": {
        "flake-compat": "flake-compat_2",
        "flake-utils": "flake-utils_3",
        "nixpkgs": "nixpkgs_3",
        "rust-overlay": "rust-overlay_2"
      },
      "locked": {
        "lastModified": 1682891040,
        "narHash": "sha256-hjajsi7lq24uYitUh4o04UJi1g0Qe6ruPL0s5DgPQMY=",
        "owner": "cargo2nix",
        "repo": "cargo2nix",
        "rev": "0167b39f198d72acdf009265634504fd6f5ace15",
        "type": "github"
      },
      "original": {
        "owner": "cargo2nix",
        "repo": "cargo2nix",
        "type": "github"
      }
    },
    "columnize": {
      "inputs": {
        "cargo2nix": "cargo2nix",
        "flake-utils": "flake-utils_2",
        "nixpkgs": "nixpkgs_2",
        "rust-overlay": [
          "columnize",
          "cargo2nix",
          "rust-overlay"
        ]
      },
      "locked": {
        "lastModified": 1711765959,
        "narHash": "sha256-M8AtvXb7OoXormVrVQl+w4pXYCpWph50NQ0wR56qm3A=",
        "owner": "LightAndLight",
        "repo": "columnize",
        "rev": "25b87cabd1114c5728550b8319da0088c15b20aa",
        "type": "github"
      },
      "original": {
        "owner": "LightAndLight",
        "repo": "columnize",
        "type": "github"
      }
    },
    "flake-compat": {
      "flake": false,
      "locked": {
        "lastModified": 1696426674,
        "narHash": "sha256-kvjfFW7WAETZlt09AgDn1MrtKzP7t90Vf7vypd3OL1U=",
        "owner": "edolstra",
        "repo": "flake-compat",
        "rev": "0f9255e01c2351cc7d116c072cb317785dd33b33",
        "type": "github"
      },
      "original": {
        "owner": "edolstra",
        "repo": "flake-compat",
        "type": "github"
      }
    },
    "flake-compat_2": {
      "flake": false,
      "locked": {
        "lastModified": 1650374568,
        "narHash": "sha256-Z+s0J8/r907g149rllvwhb4pKi8Wam5ij0st8PwAh+E=",
        "owner": "edolstra",
        "repo": "flake-compat",
        "rev": "b4a34015c698c7793d592d66adbab377907a2be8",
        "type": "github"
      },
      "original": {
        "owner": "edolstra",
        "repo": "flake-compat",
        "type": "github"
      }
    },
    "flake-utils": {
      "inputs": {
        "systems": "systems"
      },
      "locked": {
        "lastModified": 1694529238,
        "narHash": "sha256-zsNZZGTGnMOf9YpHKJqMSsa0dXbfmxeoJ7xHlrt+xmY=",
        "owner": "numtide",
        "repo": "flake-utils",
        "rev": "ff7b65b44d01cf9ba6a71320833626af21126384",
        "type": "github"
      },
      "original": {
        "owner": "numtide",
        "repo": "flake-utils",
        "type": "github"
      }
    },
    "flake-utils_2": {
      "inputs": {
        "systems": "systems_2"
      },
      "locked": {
        "lastModified": 1710146030,
        "narHash": "sha256-SZ5L6eA7HJ/nmkzGG7/ISclqe6oZdOZTNoesiInkXPQ=",
        "owner": "numtide",
        "repo": "flake-utils",
        "rev": "b1d9ab70662946ef0850d488da1c9019f3a9752a",
        "type": "github"
      },
      "original": {
        "owner": "numtide",
        "repo": "flake-utils",
        "type": "github"
      }
    },
    "flake-utils_3": {
      "locked": {
        "lastModified": 1653893745,
        "narHash": "sha256-0jntwV3Z8//YwuOjzhV2sgJJPt+HY6KhU7VZUL0fKZQ=",
        "owner": "numtide",
        "repo": "flake-utils",
        "rev": "1ed9fb1935d260de5fe1c2f7ee0ebaae17ed2fa1",
        "type": "github"
      },
      "original": {
        "owner": "numtide",
        "repo": "flake-utils",
        "type": "github"
      }
    },
    "flake-utils_4": {
      "inputs": {
        "systems": "systems_3"
      },
      "locked": {
        "lastModified": 1681202837,
        "narHash": "sha256-H+Rh19JDwRtpVPAWp64F+rlEtxUWBAQW28eAi3SRSzg=",
        "owner": "numtide",
        "repo": "flake-utils",
        "rev": "cfacdce06f30d2b68473a46042957675eebb3401",
        "type": "github"
      },
      "original": {
        "owner": "numtide",
        "repo": "flake-utils",
        "type": "github"
      }
    },
    "flake-utils_5": {
      "inputs": {
        "systems": "systems_4"
      },
      "locked": {
        "lastModified": 1681202837,
        "narHash": "sha256-H+Rh19JDwRtpVPAWp64F+rlEtxUWBAQW28eAi3SRSzg=",
        "owner": "numtide",
        "repo": "flake-utils",
        "rev": "cfacdce06f30d2b68473a46042957675eebb3401",
        "type": "github"
      },
      "original": {
        "owner": "numtide",
        "repo": "flake-utils",
        "type": "github"
      }
    },
    "flake-utils_6": {
      "inputs": {
        "systems": "systems_5"
      },
      "locked": {
        "lastModified": 1710146030,
        "narHash": "sha256-SZ5L6eA7HJ/nmkzGG7/ISclqe6oZdOZTNoesiInkXPQ=",
        "owner": "numtide",
        "repo": "flake-utils",
        "rev": "b1d9ab70662946ef0850d488da1c9019f3a9752a",
        "type": "github"
      },
      "original": {
        "owner": "numtide",
        "repo": "flake-utils",
        "type": "github"
      }
    },
    "gruvbox-contrib": {
      "flake": false,
      "locked": {
        "lastModified": 1526470161,
        "narHash": "sha256-0J/38HWDexCinKZyJaTaxj+gJK/gVL7G5L2TrHbRYlg=",
        "owner": "morhetz",
        "repo": "gruvbox-contrib",
        "rev": "edb3ee5f626cdfb250d5ab42c1f5ccb9f8050514",
        "type": "github"
      },
      "original": {
        "owner": "morhetz",
        "repo": "gruvbox-contrib",
        "rev": "edb3ee5f626cdfb250d5ab42c1f5ccb9f8050514",
        "type": "github"
      }
    },
    "home-manager": {
      "inputs": {
        "nixpkgs": [
          "nixpkgs"
        ]
      },
      "locked": {
        "lastModified": 1733050161,
        "narHash": "sha256-lYnT+EYE47f5yY3KS/Kd4pJ6CO9fhCqumkYYkQ3TK20=",
        "owner": "nix-community",
        "repo": "home-manager",
        "rev": "62d536255879be574ebfe9b87c4ac194febf47c5",
        "type": "github"
      },
      "original": {
        "owner": "nix-community",
        "ref": "release-24.11",
        "repo": "home-manager",
        "type": "github"
      }
    },
    "ipso": {
      "inputs": {
        "cargo2nix": "cargo2nix_2",
        "flake-utils": "flake-utils_4",
        "nixpkgs": "nixpkgs_4",
        "rust-overlay": "rust-overlay_3"
      },
      "locked": {
        "lastModified": 1727480603,
        "narHash": "sha256-CDNB35bRvbof802ruJHBmfPb6/57q87rufOoqLPSHQU=",
        "owner": "LightAndLight",
        "repo": "ipso",
        "rev": "f51cc85bb901fa8565e47b17b2fe0f363763aa19",
        "type": "github"
      },
      "original": {
        "owner": "LightAndLight",
        "repo": "ipso",
        "type": "github"
      }
    },
    "nixpkgs": {
      "locked": {
        "lastModified": 1705099185,
        "narHash": "sha256-SxJenKtvcrKJd0TyJQMO3p6VA7PEp+vmMnmlKFzWMNs=",
        "owner": "nixos",
        "repo": "nixpkgs",
        "rev": "2bce5ccff0ad7abda23e8bb56434b6877a446694",
        "type": "github"
      },
      "original": {
        "owner": "nixos",
        "ref": "release-23.11",
        "repo": "nixpkgs",
        "type": "github"
      }
    },
    "nixpkgs_2": {
      "locked": {
        "lastModified": 1711655175,
        "narHash": "sha256-1xiaYhC3ul4y+i3eicYxeERk8ZkrNjLkrFSb/UW36Zw=",
        "owner": "NixOS",
        "repo": "nixpkgs",
        "rev": "64c81edb4b97a51c5bbc54c191763ac71a6517ee",
        "type": "github"
      },
      "original": {
        "id": "nixpkgs",
        "type": "indirect"
      }
    },
    "nixpkgs_3": {
      "locked": {
        "lastModified": 1654275867,
        "narHash": "sha256-pt14ZE4jVPGvfB2NynGsl34pgXfOqum5YJNpDK4+b9E=",
        "owner": "nixos",
        "repo": "nixpkgs",
        "rev": "7a20c208aacf4964c19186dcad51f89165dc7ed0",
        "type": "github"
      },
      "original": {
        "owner": "nixos",
        "ref": "release-22.05",
        "repo": "nixpkgs",
        "type": "github"
      }
    },
    "nixpkgs_4": {
      "locked": {
        "lastModified": 1683475240,
        "narHash": "sha256-sy6MYoCaIZsOenYplbzVXI4Ce9Bp/vIOpuFa97+a6wc=",
        "owner": "NixOS",
        "repo": "nixpkgs",
        "rev": "e040aab15638aaf8d0786894851a2b1ca09a7baf",
        "type": "github"
      },
      "original": {
        "id": "nixpkgs",
        "type": "indirect"
      }
    },
    "nixpkgs_5": {
      "locked": {
        "lastModified": 1681358109,
        "narHash": "sha256-eKyxW4OohHQx9Urxi7TQlFBTDWII+F+x2hklDOQPB50=",
        "owner": "NixOS",
        "repo": "nixpkgs",
        "rev": "96ba1c52e54e74c3197f4d43026b3f3d92e83ff9",
        "type": "github"
      },
      "original": {
        "owner": "NixOS",
        "ref": "nixpkgs-unstable",
        "repo": "nixpkgs",
        "type": "github"
      }
    },
    "nixpkgs_6": {
      "locked": {
        "lastModified": 1733120037,
        "narHash": "sha256-En+gSoVJ3iQKPDU1FHrR6zIxSLXKjzKY+pnh9tt+Yts=",
        "owner": "NixOS",
        "repo": "nixpkgs",
        "rev": "f9f0d5c5380be0a599b1fb54641fa99af8281539",
        "type": "github"
      },
      "original": {
        "owner": "NixOS",
        "ref": "nixos-24.11",
        "repo": "nixpkgs",
        "type": "github"
      }
    },
    "nixpkgs_7": {
      "locked": {
        "lastModified": 1726206720,
        "narHash": "sha256-tI7141IHDABMNgz4iXDo8agCp0SeTLbaIZ2DRndwcmk=",
        "owner": "NixOS",
        "repo": "nixpkgs",
        "rev": "673d99f1406cb09b8eb6feab4743ebdf70046557",
        "type": "github"
      },
      "original": {
        "id": "nixpkgs",
        "type": "indirect"
      }
    },
    "powerline-fonts-src": {
      "flake": false,
      "locked": {
        "lastModified": 1541938950,
        "narHash": "sha256-GGfON6Z/0czCUAGxnqtndgDnaZGONFTU9/Hu4BGDHlk=",
        "owner": "powerline",
        "repo": "fonts",
        "rev": "e80e3eba9091dac0655a0a77472e10f53e754bb0",
        "type": "github"
      },
      "original": {
        "owner": "powerline",
        "repo": "fonts",
        "rev": "e80e3eba9091dac0655a0a77472e10f53e754bb0",
        "type": "github"
      }
    },
    "root": {
      "inputs": {
        "columnize": "columnize",
        "gruvbox-contrib": "gruvbox-contrib",
        "home-manager": "home-manager",
        "ipso": "ipso",
        "nixpkgs": "nixpkgs_6",
        "powerline-fonts-src": "powerline-fonts-src",
        "spacemacs": "spacemacs",
        "spacemacs-neuron": "spacemacs-neuron",
        "theme-bobthefish": "theme-bobthefish",
        "xeval": "xeval"
      }
    },
    "rust-overlay": {
      "inputs": {
        "flake-utils": [
          "columnize",
          "cargo2nix",
          "flake-utils"
        ],
        "nixpkgs": [
          "columnize",
          "cargo2nix",
          "nixpkgs"
        ]
      },
      "locked": {
        "lastModified": 1705112162,
        "narHash": "sha256-IAM0+Uijh/fwlfoeDrOwau9MxcZW3zeDoUHc6Z3xfqM=",
        "owner": "oxalica",
        "repo": "rust-overlay",
        "rev": "9e0af26ffe52bf955ad5575888f093e41fba0104",
        "type": "github"
      },
      "original": {
        "owner": "oxalica",
        "repo": "rust-overlay",
        "type": "github"
      }
    },
    "rust-overlay_2": {
      "inputs": {
        "flake-utils": [
          "ipso",
          "cargo2nix",
          "flake-utils"
        ],
        "nixpkgs": [
          "ipso",
          "cargo2nix",
          "nixpkgs"
        ]
      },
      "locked": {
        "lastModified": 1653878966,
        "narHash": "sha256-T51Gck/vrJZi1m+uTbhEFTRgZmE59sydVONadADv358=",
        "owner": "oxalica",
        "repo": "rust-overlay",
        "rev": "8526d618af012a923ca116be9603e818b502a8db",
        "type": "github"
      },
      "original": {
        "owner": "oxalica",
        "repo": "rust-overlay",
        "type": "github"
      }
    },
    "rust-overlay_3": {
      "inputs": {
        "flake-utils": "flake-utils_5",
        "nixpkgs": "nixpkgs_5"
      },
      "locked": {
        "lastModified": 1683512408,
        "narHash": "sha256-QMJGp/37En+d5YocJuSU89GL14bBYkIJQ6mqhRfqkkc=",
        "owner": "oxalica",
        "repo": "rust-overlay",
        "rev": "75b07756c3feb22cf230e75fb064c1b4c725b9bc",
        "type": "github"
      },
      "original": {
        "owner": "oxalica",
        "repo": "rust-overlay",
        "type": "github"
      }
    },
    "spacemacs": {
      "flake": false,
      "locked": {
        "lastModified": 1733258360,
        "narHash": "sha256-j7tqCS/md25H1Zwjio3saXDlR3n/qNqARDTNoM4DODs=",
        "owner": "syl20bnr",
        "repo": "spacemacs",
        "rev": "063a915a4adc8ef52c6d54bee47dda2435cceea4",
        "type": "github"
      },
      "original": {
        "owner": "syl20bnr",
        "ref": "develop",
        "repo": "spacemacs",
        "type": "github"
      }
    },
    "spacemacs-neuron": {
      "flake": false,
      "locked": {
        "lastModified": 1625380284,
        "narHash": "sha256-brUjrxQ0Cpx0509oCLB9OJqfSaguJVjxqCVFifW4xbk=",
        "owner": "LightAndLight",
        "repo": "spacemacs-neuron",
        "rev": "3750b3e7793f50e11ffac3aa0425a56fc279d5ab",
        "type": "github"
      },
      "original": {
        "owner": "LightAndLight",
        "repo": "spacemacs-neuron",
        "rev": "3750b3e7793f50e11ffac3aa0425a56fc279d5ab",
        "type": "github"
      }
    },
    "systems": {
      "locked": {
        "lastModified": 1681028828,
        "narHash": "sha256-Vy1rq5AaRuLzOxct8nz4T6wlgyUR7zLU309k9mBC768=",
        "owner": "nix-systems",
        "repo": "default",
        "rev": "da67096a3b9bf56a91d16901293e51ba5b49a27e",
        "type": "github"
      },
      "original": {
        "owner": "nix-systems",
        "repo": "default",
        "type": "github"
      }
    },
    "systems_2": {
      "locked": {
        "lastModified": 1681028828,
        "narHash": "sha256-Vy1rq5AaRuLzOxct8nz4T6wlgyUR7zLU309k9mBC768=",
        "owner": "nix-systems",
        "repo": "default",
        "rev": "da67096a3b9bf56a91d16901293e51ba5b49a27e",
        "type": "github"
      },
      "original": {
        "owner": "nix-systems",
        "repo": "default",
        "type": "github"
      }
    },
    "systems_3": {
      "locked": {
        "lastModified": 1681028828,
        "narHash": "sha256-Vy1rq5AaRuLzOxct8nz4T6wlgyUR7zLU309k9mBC768=",
        "owner": "nix-systems",
        "repo": "default",
        "rev": "da67096a3b9bf56a91d16901293e51ba5b49a27e",
        "type": "github"
      },
      "original": {
        "owner": "nix-systems",
        "repo": "default",
        "type": "github"
      }
    },
    "systems_4": {
      "locked": {
        "lastModified": 1681028828,
        "narHash": "sha256-Vy1rq5AaRuLzOxct8nz4T6wlgyUR7zLU309k9mBC768=",
        "owner": "nix-systems",
        "repo": "default",
        "rev": "da67096a3b9bf56a91d16901293e51ba5b49a27e",
        "type": "github"
      },
      "original": {
        "owner": "nix-systems",
        "repo": "default",
        "type": "github"
      }
    },
    "systems_5": {
      "locked": {
        "lastModified": 1681028828,
        "narHash": "sha256-Vy1rq5AaRuLzOxct8nz4T6wlgyUR7zLU309k9mBC768=",
        "owner": "nix-systems",
        "repo": "default",
        "rev": "da67096a3b9bf56a91d16901293e51ba5b49a27e",
        "type": "github"
      },
      "original": {
        "owner": "nix-systems",
        "repo": "default",
        "type": "github"
      }
    },
    "theme-bobthefish": {
      "flake": false,
      "locked": {
        "lastModified": 1643872551,
        "narHash": "sha256-whTAO4ZxglCr9vm/WXJItwnVoHZYG3qKh9rYWF5dhaE=",
        "owner": "oh-my-fish",
        "repo": "theme-bobthefish",
        "rev": "1eaed8c39951029fa7839859abd5518977a80f83",
        "type": "github"
      },
      "original": {
        "owner": "oh-my-fish",
        "repo": "theme-bobthefish",
        "rev": "1eaed8c39951029fa7839859abd5518977a80f83",
        "type": "github"
      }
    },
    "xeval": {
      "inputs": {
        "flake-utils": "flake-utils_6",
        "nixpkgs": "nixpkgs_7"
      },
      "locked": {
        "lastModified": 1726958236,
        "narHash": "sha256-6aNsnbN2TfZY9qaLm1tVwtgqahjUq0ffk8YaXgBBpFo=",
        "owner": "LightAndLight",
        "repo": "xeval",
        "rev": "a23e1f9f74ca5b50d91f2035d3c0ac3b409c5584",
        "type": "github"
      },
      "original": {
        "owner": "LightAndLight",
        "repo": "xeval",
        "type": "github"
      }
    }
  },
  "root": "root",
  "version": 7
}
